lockfileVersion: 5.4

specifiers:
  '@types/node': ^18.0.0
  '@unocss/reset': ^0.39.3
  '@vitejs/plugin-vue': ^2.3.3
  prettier: ^2.7.1
  typescript: ^4.7.4
  unocss: ^0.39.3
  unplugin-icons: ^0.14.5
  vite: ^2.9.12
  vitest: ^0.15.2
  vue: ^3.2.37
  vue-tsc: ^0.38.1

dependencies:
  vue: 3.2.37

devDependencies:
  '@types/node': 18.0.0
  '@unocss/reset': 0.39.3
  '@vitejs/plugin-vue': 2.3.3_vite@2.9.12+vue@3.2.37
  prettier: 2.7.1
  typescript: 4.7.4
  unocss: 0.39.3_vite@2.9.12
  unplugin-icons: 0.14.5_vite@2.9.12
  vite: 2.9.12
  vitest: 0.15.2
  vue-tsc: 0.38.1_typescript@4.7.4

packages:

  /@antfu/install-pkg/0.1.0:
    resolution: {integrity: sha512-VaIJd3d1o7irZfK1U0nvBsHMyjkuyMP3HKYVV53z8DKyulkHKmjhhtccXO51WSPeeSHIeoJEoNOKavYpS7jkZw==}
    dependencies:
      execa: 5.1.1
      find-up: 5.0.0
    dev: true

  /@antfu/utils/0.5.2:
    resolution: {integrity: sha512-CQkeV+oJxUazwjlHD0/3ZD08QWKuGQkhnrKo3e6ly5pd48VUpXbb77q0xMU4+vc2CkJnDS02Eq/M9ugyX20XZA==}
    dev: true

  /@babel/helper-validator-identifier/7.16.7:
    resolution: {integrity: sha512-hsEnFemeiW4D08A5gUAZxLBTXpZ39P+a+DGDsHw1yxqyQ/jzFEnxf5uTEGp+3bzAbNOxU1paTgYS4ECU/IgfDw==}
    engines: {node: '>=6.9.0'}

  /@babel/parser/7.17.8:
    resolution: {integrity: sha512-BoHhDJrJXqcg+ZL16Xv39H9n+AqJ4pcDrQBGZN+wHxIysrLZ3/ECwCBUch/1zUNhnsXULcONU3Ei5Hmkfk6kiQ==}
    engines: {node: '>=6.0.0'}
    hasBin: true
    dependencies:
      '@babel/types': 7.17.10

  /@babel/types/7.17.10:
    resolution: {integrity: sha512-9O26jG0mBYfGkUYCYZRnBwbVLd1UZOICEr2Em6InB6jVfsAv1GKgwXHmrSg+WFWDmeKTA6vyTZiN8tCSM5Oo3A==}
    engines: {node: '>=6.9.0'}
    dependencies:
      '@babel/helper-validator-identifier': 7.16.7
      to-fast-properties: 2.0.0

  /@iconify/types/1.1.0:
    resolution: {integrity: sha512-Jh0llaK2LRXQoYsorIH8maClebsnzTcve+7U3rQUSnC11X4jtPnFuyatqFLvMxZ8MLG8dB4zfHsbPfuvxluONw==}
    dev: true

  /@iconify/utils/1.0.33:
    resolution: {integrity: sha512-vGeAqo7aGPxOQmGdVoXFUOuyN+0V7Lcrx2EvaiRjxUD1x6Om0Tvq2bdm7E24l2Pz++4S0mWMCVFXe/17EtKImQ==}
    dependencies:
      '@antfu/install-pkg': 0.1.0
      '@antfu/utils': 0.5.2
      '@iconify/types': 1.1.0
      debug: 4.3.4
      kolorist: 1.5.1
      local-pkg: 0.4.1
    transitivePeerDependencies:
      - supports-color
    dev: true

  /@nodelib/fs.scandir/2.1.5:
    resolution: {integrity: sha512-vq24Bq3ym5HEQm2NKCr3yXDwjc7vTsEThRDnkp2DK9p1uqLR+DHurm/NOTo0KG7HYHU7eppKZj3MyqYuMBf62g==}
    engines: {node: '>= 8'}
    dependencies:
      '@nodelib/fs.stat': 2.0.5
      run-parallel: 1.2.0
    dev: true

  /@nodelib/fs.stat/2.0.5:
    resolution: {integrity: sha512-RkhPPp2zrqDAQA/2jNhnztcPAlv64XdhIp7a7454A5ovI7Bukxgt7MX7udwAu3zg1DcpPU0rz3VV1SeaqvY4+A==}
    engines: {node: '>= 8'}
    dev: true

  /@nodelib/fs.walk/1.2.8:
    resolution: {integrity: sha512-oGB+UxlgWcgQkgwo8GcEGwemoTFt3FIO9ababBmaGwXIoBKZ+GTy0pP185beGg7Llih/NSHSV2XAs1lnznocSg==}
    engines: {node: '>= 8'}
    dependencies:
      '@nodelib/fs.scandir': 2.1.5
      fastq: 1.13.0
    dev: true

  /@polka/url/1.0.0-next.21:
    resolution: {integrity: sha512-a5Sab1C4/icpTZVzZc5Ghpz88yQtGOyNqYXcZgOssB2uuAr+wF/MvN6bgtW32q7HHrvBki+BsZ0OuNv6EV3K9g==}
    dev: true

  /@rollup/pluginutils/4.2.1:
    resolution: {integrity: sha512-iKnFXr7NkdZAIHiIWE+BX5ULi/ucVFYWD6TbAV+rZctiRTY2PL6tsIKhoIOaoskiWAkgu+VsbXgUVDNLHf+InQ==}
    engines: {node: '>= 8.0.0'}
    dependencies:
      estree-walker: 2.0.2
      picomatch: 2.3.1
    dev: true

  /@types/chai-subset/1.3.3:
    resolution: {integrity: sha512-frBecisrNGz+F4T6bcc+NLeolfiojh5FxW2klu669+8BARtyQv2C/GkNW6FUodVe4BroGMP/wER/YDGc7rEllw==}
    dependencies:
      '@types/chai': 4.3.1
    dev: true

  /@types/chai/4.3.1:
    resolution: {integrity: sha512-/zPMqDkzSZ8t3VtxOa4KPq7uzzW978M9Tvh+j7GHKuo6k6GTLxPJ4J5gE5cjfJ26pnXst0N5Hax8Sr0T2Mi9zQ==}
    dev: true

  /@types/node/18.0.0:
    resolution: {integrity: sha512-cHlGmko4gWLVI27cGJntjs/Sj8th9aYwplmZFwmmgYQQvL5NUsgVJG7OddLvNfLqYS31KFN0s3qlaD9qCaxACA==}
    dev: true

  /@unocss/cli/0.39.3:
    resolution: {integrity: sha512-h+qq76CJTkV7GYBSQ3vSJCn/jewFzBVh8owMYH3B1ROe5D1mCev2INYvHlsQsVVoyxnccBeuZ6st6OK56VyDjA==}
    engines: {node: '>=14'}
    hasBin: true
    dependencies:
      '@unocss/config': 0.39.3
      '@unocss/core': 0.39.3
      '@unocss/preset-uno': 0.39.3
      cac: 6.7.12
      chokidar: 3.5.3
      colorette: 2.0.16
      consola: 2.15.3
      fast-glob: 3.2.11
      pathe: 0.3.0
      perfect-debounce: 0.1.3
    dev: true

  /@unocss/config/0.39.3:
    resolution: {integrity: sha512-qyxjUUdi+D/vS4Snhoj0uW8ErKlfZCKdjJ+ntwnJK3c8dxAp/IuicE+6ukcLfHxT0kAw1xaRlNwamtL3MgcX/A==}
    engines: {node: '>=14'}
    dependencies:
      '@unocss/core': 0.39.3
      unconfig: 0.3.4
    dev: true

  /@unocss/core/0.39.3:
    resolution: {integrity: sha512-8MnXKHNtp6xgsFIaFtWctnbsT60c8JSlxXA7XbGxEztOmSEhpZmLeLGe5AgmEGPH6MssqJtI0DCeTbzbbtOjfw==}
    dev: true

  /@unocss/inspector/0.39.3:
    resolution: {integrity: sha512-j7U04I07sqK63+3cA7oju/hoGOkdN+/hAwGYkCgWGNj+HwxiU7TTEVg0qZ1FAUU/GyyI9G/c4RIpwei9dLVz9w==}
    dependencies:
      gzip-size: 6.0.0
      sirv: 2.0.2
    dev: true

  /@unocss/preset-attributify/0.39.3:
    resolution: {integrity: sha512-SZWWUfTTKyHHqlF9x6aZ+BFMIiwOsUTP4NXS3/rIroqzfvVDZtGS6/a7RVBl+M74wjqSWB/DDeS9kQiH2L/CIg==}
    dependencies:
      '@unocss/core': 0.39.3
    dev: true

  /@unocss/preset-icons/0.39.3:
    resolution: {integrity: sha512-zMTfP3pVaN2WREWY36adsY62gEm51R0CZd7v0gHOlltEG6kT1UCeyIQwOtn48wHRCesy92f70R6RIR3rwSVaCQ==}
    dependencies:
      '@iconify/utils': 1.0.33
      '@unocss/core': 0.39.3
      ohmyfetch: 0.4.18
    transitivePeerDependencies:
      - supports-color
    dev: true

  /@unocss/preset-mini/0.39.3:
    resolution: {integrity: sha512-XCxp3mwWsEpCo0cIJA3tLrWqdAL09gP3wv9iGh4H9o0fIPlYXjVTC1WtUHkv3C09LdZ+MH/9Ja/KqnVf3bNROA==}
    dependencies:
      '@unocss/core': 0.39.3
    dev: true

  /@unocss/preset-tagify/0.39.3:
    resolution: {integrity: sha512-OXE47cS/tiL92ZThgLOpbSFy7MPZ4upE4ZX1m9pnCaWzX7LBzp8Gw0DM+dF3IYdIfJpmU4R6b53ME8SchofuHA==}
    dependencies:
      '@unocss/core': 0.39.3
    dev: true

  /@unocss/preset-typography/0.39.3:
    resolution: {integrity: sha512-jTJOA87bEkU0RGMPSFZK3Zobr2fgkqKCYDczTjPbCiZ8UzlMJnWrpsNTN9f4UI0b6Ck8sXtMtW8sRrJsEll9jg==}
    dependencies:
      '@unocss/core': 0.39.3
    dev: true

  /@unocss/preset-uno/0.39.3:
    resolution: {integrity: sha512-EADVFqx5x4te/teqwjHb025FIy/T0QXafcVDRwUijS6OOqm5rZ7fXd/hu41XYYn3B802r/g4bDC2wO+7foNVwA==}
    dependencies:
      '@unocss/core': 0.39.3
      '@unocss/preset-mini': 0.39.3
      '@unocss/preset-wind': 0.39.3
    dev: true

  /@unocss/preset-web-fonts/0.39.3:
    resolution: {integrity: sha512-b23nmEGHbfvC/PCv0m0BGqFt2zX8J9ekwjfmEL1Bk1C0KL2voYGSdbSm0I8iO6sKb1CLy6qy71N/CuGtIE3FJA==}
    dependencies:
      '@unocss/core': 0.39.3
      ohmyfetch: 0.4.18
    dev: true

  /@unocss/preset-wind/0.39.3:
    resolution: {integrity: sha512-kjMgPxt4xfmiliodKTbotJDSAqAOCy25f1jdIj9CjjFjwYsUAuiYi8UgPsEi550Bj5BlBEHFn/RhcMGvinzY8A==}
    dependencies:
      '@unocss/core': 0.39.3
      '@unocss/preset-mini': 0.39.3
    dev: true

  /@unocss/reset/0.39.3:
    resolution: {integrity: sha512-hW3gZ3lsu6N58XEG7m1dprt15fN0xkYjAo7vSp8eT3/p7h5HE7wNgU2v9ttGBC3B2z4AWHGdspfmaH3sR8lCJw==}
    dev: true

  /@unocss/scope/0.39.3:
    resolution: {integrity: sha512-ex2QDRgBQ5mTwBcXtCWdTDPl6/HrBv0asDWVXXv7ezjxcByJjMrHj64gMvUbAcGAoX2ic7hIEUT3Ju5i6knKFw==}
    dev: true

  /@unocss/transformer-compile-class/0.39.3:
    resolution: {integrity: sha512-OmYP0uk+DGR5kc2T+teL6CLNj/sRxbY3SmlPx2kDbsRLc5gFccQryjj4bBk6QNOKxP5OGJpAqcw1y1JctvRgog==}
    dependencies:
      '@unocss/core': 0.39.3
    dev: true

  /@unocss/transformer-directives/0.39.3:
    resolution: {integrity: sha512-E1wzZaR6rIBQNemgDi9LoljtkYcOSiKGMUTz6kRGoxVBzaYE6Ji/YKbb22lKd6vLOFnRyCxzPHdzY9qvvl5D6w==}
    dependencies:
      '@unocss/core': 0.39.3
      css-tree: 2.1.0
    dev: true

  /@unocss/transformer-variant-group/0.39.3:
    resolution: {integrity: sha512-YoYz87qSSEvXXUkgHbO2kz/M03dbZuedjDvvWXsBAvj20MQFpkZpbNHYf2DJ+EkO/WXd+KEF2HBwlgoANcZlaw==}
    dependencies:
      '@unocss/core': 0.39.3
    dev: true

  /@unocss/vite/0.39.3_vite@2.9.12:
    resolution: {integrity: sha512-JT21v6ZwLCHPGVfjoWsOdSkMhFNiW2robhQke33WLlRGyT5U4K1SWLxNk+XPDbFdP+WZdcVJi5W5yG8Mm27WBw==}
    peerDependencies:
      vite: ^2.9.0
    dependencies:
      '@rollup/pluginutils': 4.2.1
      '@unocss/config': 0.39.3
      '@unocss/core': 0.39.3
      '@unocss/inspector': 0.39.3
      '@unocss/scope': 0.39.3
      '@unocss/transformer-directives': 0.39.3
      magic-string: 0.26.2
      vite: 2.9.12
    dev: true

  /@vitejs/plugin-vue/2.3.3_vite@2.9.12+vue@3.2.37:
    resolution: {integrity: sha512-SmQLDyhz+6lGJhPELsBdzXGc+AcaT8stgkbiTFGpXPe8Tl1tJaBw1A6pxDqDuRsVkD8uscrkx3hA7QDOoKYtyw==}
    engines: {node: '>=12.0.0'}
    peerDependencies:
      vite: ^2.5.10
      vue: ^3.2.25
    dependencies:
      vite: 2.9.12
      vue: 3.2.37
    dev: true

  /@volar/code-gen/0.38.1:
    resolution: {integrity: sha512-QnEJfCPhPqzhQY/iN7euGoUWphyv4TmN1xK/HEpnXwgqgvIyLk/Ih3rvAFqlP6I5fTaCu6TGf9kZmjw9AlEeMA==}
    dependencies:
      '@volar/source-map': 0.38.1
    dev: true

  /@volar/source-map/0.38.1:
    resolution: {integrity: sha512-1DoB8BYTle81DdLChnurYteN208qvsfz4IgwjH6T2YcnBtUvtscxMOwg0bfQJskfoLrJ5gESBvEpU8tWsEVyrQ==}
    dev: true

  /@volar/vue-code-gen/0.38.1:
    resolution: {integrity: sha512-tgJ2uySZKZqiq6HFKmjeVmUhJttd2LMhqtlqSukdqGx2Xw/OWnL0Di7+q6AScC6tu9/Bw570HKMHbhhLIrQm2Q==}
    dependencies:
      '@volar/code-gen': 0.38.1
      '@volar/source-map': 0.38.1
      '@vue/compiler-core': 3.2.37
      '@vue/compiler-dom': 3.2.37
      '@vue/shared': 3.2.37
    dev: true

  /@volar/vue-typescript/0.38.1:
    resolution: {integrity: sha512-D4bTuiJ2WiRppJuZ34r3pstFLTwpweke3haszJwp0ioUI9BqKgh02TFqM+qhPezH6fF0NrWCxXMMQVxZL6d7gA==}
    dependencies:
      '@volar/code-gen': 0.38.1
      '@volar/source-map': 0.38.1
      '@volar/vue-code-gen': 0.38.1
      '@vue/compiler-sfc': 3.2.37
      '@vue/reactivity': 3.2.37
    dev: true

  /@vue/compiler-core/3.2.37:
    resolution: {integrity: sha512-81KhEjo7YAOh0vQJoSmAD68wLfYqJvoiD4ulyedzF+OEk/bk6/hx3fTNVfuzugIIaTrOx4PGx6pAiBRe5e9Zmg==}
    dependencies:
      '@babel/parser': 7.17.8
      '@vue/shared': 3.2.37
      estree-walker: 2.0.2
      source-map: 0.6.1

  /@vue/compiler-dom/3.2.37:
    resolution: {integrity: sha512-yxJLH167fucHKxaqXpYk7x8z7mMEnXOw3G2q62FTkmsvNxu4FQSu5+3UMb+L7fjKa26DEzhrmCxAgFLLIzVfqQ==}
    dependencies:
      '@vue/compiler-core': 3.2.37
      '@vue/shared': 3.2.37

  /@vue/compiler-sfc/3.2.37:
    resolution: {integrity: sha512-+7i/2+9LYlpqDv+KTtWhOZH+pa8/HnX/905MdVmAcI/mPQOBwkHHIzrsEsucyOIZQYMkXUiTkmZq5am/NyXKkg==}
    dependencies:
      '@babel/parser': 7.17.8
      '@vue/compiler-core': 3.2.37
      '@vue/compiler-dom': 3.2.37
      '@vue/compiler-ssr': 3.2.37
      '@vue/reactivity-transform': 3.2.37
      '@vue/shared': 3.2.37
      estree-walker: 2.0.2
      magic-string: 0.25.9
      postcss: 8.4.13
      source-map: 0.6.1

  /@vue/compiler-ssr/3.2.37:
    resolution: {integrity: sha512-7mQJD7HdXxQjktmsWp/J67lThEIcxLemz1Vb5I6rYJHR5vI+lON3nPGOH3ubmbvYGt8xEUaAr1j7/tIFWiEOqw==}
    dependencies:
      '@vue/compiler-dom': 3.2.37
      '@vue/shared': 3.2.37

  /@vue/reactivity-transform/3.2.37:
    resolution: {integrity: sha512-IWopkKEb+8qpu/1eMKVeXrK0NLw9HicGviJzhJDEyfxTR9e1WtpnnbYkJWurX6WwoFP0sz10xQg8yL8lgskAZg==}
    dependencies:
      '@babel/parser': 7.17.8
      '@vue/compiler-core': 3.2.37
      '@vue/shared': 3.2.37
      estree-walker: 2.0.2
      magic-string: 0.25.9

  /@vue/reactivity/3.2.37:
    resolution: {integrity: sha512-/7WRafBOshOc6m3F7plwzPeCu/RCVv9uMpOwa/5PiY1Zz+WLVRWiy0MYKwmg19KBdGtFWsmZ4cD+LOdVPcs52A==}
    dependencies:
      '@vue/shared': 3.2.37

  /@vue/runtime-core/3.2.37:
    resolution: {integrity: sha512-JPcd9kFyEdXLl/i0ClS7lwgcs0QpUAWj+SKX2ZC3ANKi1U4DOtiEr6cRqFXsPwY5u1L9fAjkinIdB8Rz3FoYNQ==}
    dependencies:
      '@vue/reactivity': 3.2.37
      '@vue/shared': 3.2.37

  /@vue/runtime-dom/3.2.37:
    resolution: {integrity: sha512-HimKdh9BepShW6YozwRKAYjYQWg9mQn63RGEiSswMbW+ssIht1MILYlVGkAGGQbkhSh31PCdoUcfiu4apXJoPw==}
    dependencies:
      '@vue/runtime-core': 3.2.37
      '@vue/shared': 3.2.37
      csstype: 2.6.20

  /@vue/server-renderer/3.2.37_vue@3.2.37:
    resolution: {integrity: sha512-kLITEJvaYgZQ2h47hIzPh2K3jG8c1zCVbp/o/bzQOyvzaKiCquKS7AaioPI28GNxIsE/zSx+EwWYsNxDCX95MA==}
    peerDependencies:
      vue: 3.2.37
    dependencies:
      '@vue/compiler-ssr': 3.2.37
      '@vue/shared': 3.2.37
      vue: 3.2.37

  /@vue/shared/3.2.37:
    resolution: {integrity: sha512-4rSJemR2NQIo9Klm1vabqWjD8rs/ZaJSzMxkMNeJS6lHiUjjUeYFbooN19NgFjztubEKh3WlZUeOLVdbbUWHsw==}

  /acorn/8.7.1:
    resolution: {integrity: sha512-Xx54uLJQZ19lKygFXOWsscKUbsBZW0CPykPhVQdhIeIwrbPmJzqeASDInc8nKBnp/JT6igTs82qPXz069H8I/A==}
    engines: {node: '>=0.4.0'}
    hasBin: true
    dev: true

  /anymatch/3.1.2:
    resolution: {integrity: sha512-P43ePfOAIupkguHUycrc4qJ9kz8ZiuOUijaETwX7THt0Y/GNK7v0aa8rY816xWjZ7rJdA5XdMcpVFTKMq+RvWg==}
    engines: {node: '>= 8'}
    dependencies:
      normalize-path: 3.0.0
      picomatch: 2.3.1
    dev: true

  /assertion-error/1.1.0:
    resolution: {integrity: sha512-jgsaNduz+ndvGyFt3uSuWqvy4lCnIJiovtouQN5JZHOKCS2QuhEdbcQHFhVksz2N2U9hXJo8odG7ETyWlEeuDw==}
    dev: true

  /binary-extensions/2.2.0:
    resolution: {integrity: sha512-jDctJ/IVQbZoJykoeHbhXpOlNBqGNcwXJKJog42E5HDPUwQTSdjCHdihjj0DlnheQ7blbT6dHOafNAiS8ooQKA==}
    engines: {node: '>=8'}
    dev: true

  /braces/3.0.2:
    resolution: {integrity: sha512-b8um+L1RzM3WDSzvhm6gIz1yfTbBt6YTlcEKAvsmqCZZFw46z626lVj9j1yEPW33H5H+lBQpZMP1k8l+78Ha0A==}
    engines: {node: '>=8'}
    dependencies:
      fill-range: 7.0.1
    dev: true

  /cac/6.7.12:
    resolution: {integrity: sha512-rM7E2ygtMkJqD9c7WnFU6fruFcN3xe4FM5yUmgxhZzIKJk4uHl9U/fhwdajGFQbQuv43FAUo1Fe8gX/oIKDeSA==}
    engines: {node: '>=8'}
    dev: true

  /chai/4.3.6:
    resolution: {integrity: sha512-bbcp3YfHCUzMOvKqsztczerVgBKSsEijCySNlHHbX3VG1nskvqjz5Rfso1gGwD6w6oOV3eI60pKuMOV5MV7p3Q==}
    engines: {node: '>=4'}
    dependencies:
      assertion-error: 1.1.0
      check-error: 1.0.2
      deep-eql: 3.0.1
      get-func-name: 2.0.0
      loupe: 2.3.4
      pathval: 1.1.1
      type-detect: 4.0.8
    dev: true

  /check-error/1.0.2:
    resolution: {integrity: sha512-BrgHpW9NURQgzoNyjfq0Wu6VFO6D7IZEmJNdtgNqpzGG8RuNFHt2jQxWlAs4HMe119chBnv+34syEZtc6IhLtA==}
    dev: true

  /chokidar/3.5.3:
    resolution: {integrity: sha512-Dr3sfKRP6oTcjf2JmUmFJfeVMvXBdegxB0iVQ5eb2V10uFJUCAS8OByZdVAyVb8xXNz3GjjTgj9kLWsZTqE6kw==}
    engines: {node: '>= 8.10.0'}
    dependencies:
      anymatch: 3.1.2
      braces: 3.0.2
      glob-parent: 5.1.2
      is-binary-path: 2.1.0
      is-glob: 4.0.3
      normalize-path: 3.0.0
      readdirp: 3.6.0
    optionalDependencies:
      fsevents: 2.3.2
    dev: true

  /colorette/2.0.16:
    resolution: {integrity: sha512-hUewv7oMjCp+wkBv5Rm0v87eJhq4woh5rSR+42YSQJKecCqgIqNkZ6lAlQms/BwHPJA5NKMRlpxPRv0n8HQW6g==}
    dev: true

  /consola/2.15.3:
    resolution: {integrity: sha512-9vAdYbHj6x2fLKC4+oPH0kFzY/orMZyG2Aj+kNylHxKGJ/Ed4dpNyAQYwJOdqO4zdM7XpVHmyejQDcQHrnuXbw==}
    dev: true

  /cross-spawn/7.0.3:
    resolution: {integrity: sha512-iRDPJKUPVEND7dHPO8rkbOnPpyDygcDFtWjpeWNCgy8WP2rXcxXL8TskReQl6OrB2G7+UJrags1q15Fudc7G6w==}
    engines: {node: '>= 8'}
    dependencies:
      path-key: 3.1.1
      shebang-command: 2.0.0
      which: 2.0.2
    dev: true

  /css-tree/2.1.0:
    resolution: {integrity: sha512-PcysZRzToBbrpoUrZ9qfblRIRf8zbEAkU0AIpQFtgkFK0vSbzOmBCvdSAx2Zg7Xx5wiYJKUKk0NMP7kxevie/A==}
    engines: {node: ^10 || ^12.20.0 || ^14.13.0 || >=15.0.0, npm: '>=7.0.0'}
    dependencies:
      mdn-data: 2.0.27
      source-map-js: 1.0.2
    dev: true

  /csstype/2.6.20:
    resolution: {integrity: sha512-/WwNkdXfckNgw6S5R125rrW8ez139lBHWouiBvX8dfMFtcn6V81REDqnH7+CRpRipfYlyU1CmOnOxrmGcFOjeA==}

  /debug/4.3.4:
    resolution: {integrity: sha512-PRWFHuSU3eDtQJPvnNY7Jcket1j0t5OuOsFzPPzsekD52Zl8qUfFIPEiswXqIvHWGVHOgX+7G/vCNNhehwxfkQ==}
    engines: {node: '>=6.0'}
    peerDependencies:
      supports-color: '*'
    peerDependenciesMeta:
      supports-color:
        optional: true
    dependencies:
      ms: 2.1.2
    dev: true

  /deep-eql/3.0.1:
    resolution: {integrity: sha512-+QeIQyN5ZuO+3Uk5DYh6/1eKO0m0YmJFGNmFHGACpf1ClL1nmlV/p4gNgbl2pJGxgXb4faqo6UE+M5ACEMyVcw==}
    engines: {node: '>=0.12'}
    dependencies:
      type-detect: 4.0.8
    dev: true

  /defu/6.0.0:
    resolution: {integrity: sha512-t2MZGLf1V2rV4VBZbWIaXKdX/mUcYW0n2znQZoADBkGGxYL8EWqCuCZBmJPJ/Yy9fofJkyuuSuo5GSwo0XdEgw==}
    dev: true

  /destr/1.1.1:
    resolution: {integrity: sha512-QqkneF8LrYmwATMdnuD2MLI3GHQIcBnG6qFC2q9bSH430VTCDAVjcspPmUaKhPGtAtPAftIUFqY1obQYQuwmbg==}
    dev: true

  /duplexer/0.1.2:
    resolution: {integrity: sha512-jtD6YG370ZCIi/9GTaJKQxWTZD045+4R4hTk/x1UyoqadyJ9x9CgSi1RlVDQF8U2sxLLSnFkCaMihqljHIWgMg==}
    dev: true

  /esbuild-android-64/0.14.29:
    resolution: {integrity: sha512-tJuaN33SVZyiHxRaVTo1pwW+rn3qetJX/SRuc/83rrKYtyZG0XfsQ1ao1nEudIt9w37ZSNXR236xEfm2C43sbw==}
    engines: {node: '>=12'}
    cpu: [x64]
    os: [android]
    requiresBuild: true
    dev: true
    optional: true

  /esbuild-android-arm64/0.14.29:
    resolution: {integrity: sha512-D74dCv6yYnMTlofVy1JKiLM5JdVSQd60/rQfJSDP9qvRAI0laPXIG/IXY1RG6jobmFMUfL38PbFnCqyI/6fPXg==}
    engines: {node: '>=12'}
    cpu: [arm64]
    os: [android]
    requiresBuild: true
    dev: true
    optional: true

  /esbuild-darwin-64/0.14.29:
    resolution: {integrity: sha512-+CJaRvfTkzs9t+CjGa0Oa28WoXa7EeLutQhxus+fFcu0MHhsBhlmeWHac3Cc/Sf/xPi1b2ccDFfzGYJCfV0RrA==}
    engines: {node: '>=12'}
    cpu: [x64]
    os: [darwin]
    requiresBuild: true
    dev: true
    optional: true

  /esbuild-darwin-arm64/0.14.29:
    resolution: {integrity: sha512-5Wgz/+zK+8X2ZW7vIbwoZ613Vfr4A8HmIs1XdzRmdC1kG0n5EG5fvKk/jUxhNlrYPx1gSY7XadQ3l4xAManPSw==}
    engines: {node: '>=12'}
    cpu: [arm64]
    os: [darwin]
    requiresBuild: true
    dev: true
    optional: true

  /esbuild-freebsd-64/0.14.29:
    resolution: {integrity: sha512-VTfS7Bm9QA12JK1YXF8+WyYOfvD7WMpbArtDj6bGJ5Sy5xp01c/q70Arkn596aGcGj0TvQRplaaCIrfBG1Wdtg==}
    engines: {node: '>=12'}
    cpu: [x64]
    os: [freebsd]
    requiresBuild: true
    dev: true
    optional: true

  /esbuild-freebsd-arm64/0.14.29:
    resolution: {integrity: sha512-WP5L4ejwLWWvd3Fo2J5mlXvG3zQHaw5N1KxFGnUc4+2ZFZknP0ST63i0IQhpJLgEJwnQpXv2uZlU1iWZjFqEIg==}
    engines: {node: '>=12'}
    cpu: [arm64]
    os: [freebsd]
    requiresBuild: true
    dev: true
    optional: true

  /esbuild-linux-32/0.14.29:
    resolution: {integrity: sha512-4myeOvFmQBWdI2U1dEBe2DCSpaZyjdQtmjUY11Zu2eQg4ynqLb8Y5mNjNU9UN063aVsCYYfbs8jbken/PjyidA==}
    engines: {node: '>=12'}
    cpu: [ia32]
    os: [linux]
    requiresBuild: true
    dev: true
    optional: true

  /esbuild-linux-64/0.14.29:
    resolution: {integrity: sha512-iaEuLhssReAKE7HMwxwFJFn7D/EXEs43fFy5CJeA4DGmU6JHh0qVJD2p/UP46DvUXLRKXsXw0i+kv5TdJ1w5pg==}
    engines: {node: '>=12'}
    cpu: [x64]
    os: [linux]
    requiresBuild: true
    dev: true
    optional: true

  /esbuild-linux-arm/0.14.29:
    resolution: {integrity: sha512-OXa9D9QL1hwrAnYYAHt/cXAuSCmoSqYfTW/0CEY0LgJNyTxJKtqc5mlwjAZAvgyjmha0auS/sQ0bXfGf2wAokQ==}
    engines: {node: '>=12'}
    cpu: [arm]
    os: [linux]
    requiresBuild: true
    dev: true
    optional: true

  /esbuild-linux-arm64/0.14.29:
    resolution: {integrity: sha512-KYf7s8wDfUy+kjKymW3twyGT14OABjGHRkm9gPJ0z4BuvqljfOOUbq9qT3JYFnZJHOgkr29atT//hcdD0Pi7Mw==}
    engines: {node: '>=12'}
    cpu: [arm64]
    os: [linux]
    requiresBuild: true
    dev: true
    optional: true

  /esbuild-linux-mips64le/0.14.29:
    resolution: {integrity: sha512-05jPtWQMsZ1aMGfHOvnR5KrTvigPbU35BtuItSSWLI2sJu5VrM8Pr9Owym4wPvA4153DFcOJ1EPN/2ujcDt54g==}
    engines: {node: '>=12'}
    cpu: [mips64el]
    os: [linux]
    requiresBuild: true
    dev: true
    optional: true

  /esbuild-linux-ppc64le/0.14.29:
    resolution: {integrity: sha512-FYhBqn4Ir9xG+f6B5VIQVbRuM4S6qwy29dDNYFPoxLRnwTEKToIYIUESN1qHyUmIbfO0YB4phG2JDV2JDN9Kgw==}
    engines: {node: '>=12'}
    cpu: [ppc64]
    os: [linux]
    requiresBuild: true
    dev: true
    optional: true

  /esbuild-linux-riscv64/0.14.29:
    resolution: {integrity: sha512-eqZMqPehkb4nZcffnuOpXJQdGURGd6GXQ4ZsDHSWyIUaA+V4FpMBe+5zMPtXRD2N4BtyzVvnBko6K8IWWr36ew==}
    engines: {node: '>=12'}
    cpu: [riscv64]
    os: [linux]
    requiresBuild: true
    dev: true
    optional: true

  /esbuild-linux-s390x/0.14.29:
    resolution: {integrity: sha512-o7EYajF1rC/4ho7kpSG3gENVx0o2SsHm7cJ5fvewWB/TEczWU7teDgusGSujxCYcMottE3zqa423VTglNTYhjg==}
    engines: {node: '>=12'}
    cpu: [s390x]
    os: [linux]
    requiresBuild: true
    dev: true
    optional: true

  /esbuild-netbsd-64/0.14.29:
    resolution: {integrity: sha512-/esN6tb6OBSot6+JxgeOZeBk6P8V/WdR3GKBFeFpSqhgw4wx7xWUqPrdx4XNpBVO7X4Ipw9SAqgBrWHlXfddww==}
    engines: {node: '>=12'}
    cpu: [x64]
    os: [netbsd]
    requiresBuild: true
    dev: true
    optional: true

  /esbuild-openbsd-64/0.14.29:
    resolution: {integrity: sha512-jUTdDzhEKrD0pLpjmk0UxwlfNJNg/D50vdwhrVcW/D26Vg0hVbthMfb19PJMatzclbK7cmgk1Nu0eNS+abzoHw==}
    engines: {node: '>=12'}
    cpu: [x64]
    os: [openbsd]
    requiresBuild: true
    dev: true
    optional: true

  /esbuild-sunos-64/0.14.29:
    resolution: {integrity: sha512-EfhQN/XO+TBHTbkxwsxwA7EfiTHFe+MNDfxcf0nj97moCppD9JHPq48MLtOaDcuvrTYOcrMdJVeqmmeQ7doTcg==}
    engines: {node: '>=12'}
    cpu: [x64]
    os: [sunos]
    requiresBuild: true
    dev: true
    optional: true

  /esbuild-windows-32/0.14.29:
    resolution: {integrity: sha512-uoyb0YAJ6uWH4PYuYjfGNjvgLlb5t6b3zIaGmpWPOjgpr1Nb3SJtQiK4YCPGhONgfg2v6DcJgSbOteuKXhwqAw==}
    engines: {node: '>=12'}
    cpu: [ia32]
    os: [win32]
    requiresBuild: true
    dev: true
    optional: true

  /esbuild-windows-64/0.14.29:
    resolution: {integrity: sha512-X9cW/Wl95QjsH8WUyr3NqbmfdU72jCp71cH3pwPvI4CgBM2IeOUDdbt6oIGljPu2bf5eGDIo8K3Y3vvXCCTd8A==}
    engines: {node: '>=12'}
    cpu: [x64]
    os: [win32]
    requiresBuild: true
    dev: true
    optional: true

  /esbuild-windows-arm64/0.14.29:
    resolution: {integrity: sha512-+O/PI+68fbUZPpl3eXhqGHTGK7DjLcexNnyJqtLZXOFwoAjaXlS5UBCvVcR3o2va+AqZTj8o6URaz8D2K+yfQQ==}
    engines: {node: '>=12'}
    cpu: [arm64]
    os: [win32]
    requiresBuild: true
    dev: true
    optional: true

  /esbuild/0.14.29:
    resolution: {integrity: sha512-SQS8cO8xFEqevYlrHt6exIhK853Me4nZ4aMW6ieysInLa0FMAL+AKs87HYNRtR2YWRcEIqoXAHh+Ytt5/66qpg==}
    engines: {node: '>=12'}
    hasBin: true
    requiresBuild: true
    optionalDependencies:
      esbuild-android-64: 0.14.29
      esbuild-android-arm64: 0.14.29
      esbuild-darwin-64: 0.14.29
      esbuild-darwin-arm64: 0.14.29
      esbuild-freebsd-64: 0.14.29
      esbuild-freebsd-arm64: 0.14.29
      esbuild-linux-32: 0.14.29
      esbuild-linux-64: 0.14.29
      esbuild-linux-arm: 0.14.29
      esbuild-linux-arm64: 0.14.29
      esbuild-linux-mips64le: 0.14.29
      esbuild-linux-ppc64le: 0.14.29
      esbuild-linux-riscv64: 0.14.29
      esbuild-linux-s390x: 0.14.29
      esbuild-netbsd-64: 0.14.29
      esbuild-openbsd-64: 0.14.29
      esbuild-sunos-64: 0.14.29
      esbuild-windows-32: 0.14.29
      esbuild-windows-64: 0.14.29
      esbuild-windows-arm64: 0.14.29
    dev: true

  /estree-walker/2.0.2:
    resolution: {integrity: sha512-Rfkk/Mp/DL7JVje3u18FxFujQlTNR2q6QfMSMB7AvCBx91NGj/ba3kCfza0f6dVDbw7YlRf/nDrn7pQrCCyQ/w==}

  /execa/5.1.1:
    resolution: {integrity: sha512-8uSpZZocAZRBAPIEINJj3Lo9HyGitllczc27Eh5YYojjMFMn8yHMDMaUHE2Jqfq05D/wucwI4JGURyXt1vchyg==}
    engines: {node: '>=10'}
    dependencies:
      cross-spawn: 7.0.3
      get-stream: 6.0.1
      human-signals: 2.1.0
      is-stream: 2.0.1
      merge-stream: 2.0.0
      npm-run-path: 4.0.1
      onetime: 5.1.2
      signal-exit: 3.0.7
      strip-final-newline: 2.0.0
    dev: true

  /fast-glob/3.2.11:
    resolution: {integrity: sha512-xrO3+1bxSo3ZVHAnqzyuewYT6aMFHRAd4Kcs92MAonjwQZLsK9d0SF1IyQ3k5PoirxTW0Oe/RqFgMQ6TcNE5Ew==}
    engines: {node: '>=8.6.0'}
    dependencies:
      '@nodelib/fs.stat': 2.0.5
      '@nodelib/fs.walk': 1.2.8
      glob-parent: 5.1.2
      merge2: 1.4.1
      micromatch: 4.0.5
    dev: true

  /fastq/1.13.0:
    resolution: {integrity: sha512-YpkpUnK8od0o1hmeSc7UUs/eB/vIPWJYjKck2QKIzAf71Vm1AAQ3EbuZB3g2JIy+pg+ERD0vqI79KyZiB2e2Nw==}
    dependencies:
      reusify: 1.0.4
    dev: true

  /fill-range/7.0.1:
    resolution: {integrity: sha512-qOo9F+dMUmC2Lcb4BbVvnKJxTPjCm+RRpe4gDuGrzkL7mEVl/djYSu2OdQ2Pa302N4oqkSg9ir6jaLWJ2USVpQ==}
    engines: {node: '>=8'}
    dependencies:
      to-regex-range: 5.0.1
    dev: true

  /find-up/5.0.0:
    resolution: {integrity: sha512-78/PXT1wlLLDgTzDs7sjq9hzz0vXD+zn+7wypEe4fXQxCmdmqfGsEPQxmiCSQI3ajFV91bVSsvNtrJRiW6nGng==}
    engines: {node: '>=10'}
    dependencies:
      locate-path: 6.0.0
      path-exists: 4.0.0
    dev: true

  /fsevents/2.3.2:
    resolution: {integrity: sha512-xiqMQR4xAeHTuB9uWm+fFRcIOgKBMiOBP+eXiyT7jsgVCq1bkVygt00oASowB7EdtpOHaaPgKt812P9ab+DDKA==}
    engines: {node: ^8.16.0 || ^10.6.0 || >=11.0.0}
    os: [darwin]
    requiresBuild: true
    dev: true
    optional: true

  /function-bind/1.1.1:
    resolution: {integrity: sha512-yIovAzMX49sF8Yl58fSCWJ5svSLuaibPxXQJFLmBObTuCr0Mf1KiPopGM9NiFjiYBCbfaa2Fh6breQ6ANVTI0A==}
    dev: true

  /get-func-name/2.0.0:
    resolution: {integrity: sha512-Hm0ixYtaSZ/V7C8FJrtZIuBBI+iSgL+1Aq82zSu8VQNB4S3Gk8e7Qs3VwBDJAhmRZcFqkl3tQu36g/Foh5I5ig==}
    dev: true

  /get-stream/6.0.1:
    resolution: {integrity: sha512-ts6Wi+2j3jQjqi70w5AlN8DFnkSwC+MqmxEzdEALB2qXZYV3X/b1CTfgPLGJNMeAWxdPfU8FO1ms3NUfaHCPYg==}
    engines: {node: '>=10'}
    dev: true

  /glob-parent/5.1.2:
    resolution: {integrity: sha512-AOIgSQCepiJYwP3ARnGx+5VnTu2HBYdzbGP45eLw1vr3zB3vZLeyed1sC9hnbcOc9/SrMyM5RPQrkGz4aS9Zow==}
    engines: {node: '>= 6'}
    dependencies:
      is-glob: 4.0.3
    dev: true

  /gzip-size/6.0.0:
    resolution: {integrity: sha512-ax7ZYomf6jqPTQ4+XCpUGyXKHk5WweS+e05MBO4/y3WJ5RkmPXNKvX+bx1behVILVwr6JSQvZAku021CHPXG3Q==}
    engines: {node: '>=10'}
    dependencies:
      duplexer: 0.1.2
    dev: true

  /has/1.0.3:
    resolution: {integrity: sha512-f2dvO0VU6Oej7RkWJGrehjbzMAjFp5/VKPp5tTpWIV4JHHZK1/BxbFRtf/siA2SWTe09caDmVtYYzWEIbBS4zw==}
    engines: {node: '>= 0.4.0'}
    dependencies:
      function-bind: 1.1.1
    dev: true

  /human-signals/2.1.0:
    resolution: {integrity: sha512-B4FFZ6q/T2jhhksgkbEW3HBvWIfDW85snkQgawt07S7J5QXTk6BkNV+0yAeZrM5QpMAdYlocGoljn0sJ/WQkFw==}
    engines: {node: '>=10.17.0'}
    dev: true

  /is-binary-path/2.1.0:
    resolution: {integrity: sha512-ZMERYes6pDydyuGidse7OsHxtbI7WVeUEozgR/g7rd0xUimYNlvZRE/K2MgZTjWy725IfelLeVcEM97mmtRGXw==}
    engines: {node: '>=8'}
    dependencies:
      binary-extensions: 2.2.0
    dev: true

  /is-core-module/2.8.1:
    resolution: {integrity: sha512-SdNCUs284hr40hFTFP6l0IfZ/RSrMXF3qgoRHd3/79unUTvrFO/JoXwkGm+5J/Oe3E/b5GsnG330uUNgRpu1PA==}
    dependencies:
      has: 1.0.3
    dev: true

  /is-extglob/2.1.1:
    resolution: {integrity: sha512-SbKbANkN603Vi4jEZv49LeVJMn4yGwsbzZworEoyEiutsN3nJYdbO36zfhGJ6QEDpOZIFkDtnq5JRxmvl3jsoQ==}
    engines: {node: '>=0.10.0'}
    dev: true

  /is-glob/4.0.3:
    resolution: {integrity: sha512-xelSayHH36ZgE7ZWhli7pW34hNbNl8Ojv5KVmkJD4hBdD3th8Tfk9vYasLM+mXWOZhFkgZfxhLSnrwRr4elSSg==}
    engines: {node: '>=0.10.0'}
    dependencies:
      is-extglob: 2.1.1
    dev: true

  /is-number/7.0.0:
    resolution: {integrity: sha512-41Cifkg6e8TylSpdtTpeLVMqvSBEVzTttHvERD741+pnZ8ANv0004MRL43QKPDlK9cGvNp6NZWZUBlbGXYxxng==}
    engines: {node: '>=0.12.0'}
    dev: true

  /is-stream/2.0.1:
    resolution: {integrity: sha512-hFoiJiTl63nn+kstHGBtewWSKnQLpyb155KHheA1l39uvtO9nWIop1p3udqPcUd/xbF1VLMO4n7OI6p7RbngDg==}
    engines: {node: '>=8'}
    dev: true

  /isexe/2.0.0:
    resolution: {integrity: sha512-RHxMLp9lnKHGHRng9QFhRCMbYAcVpn69smSGcq3f36xjgVVWThj4qqLbTLlq7Ssj8B+fIQ1EuCEGI2lKsyQeIw==}
    dev: true

  /jiti/1.13.0:
    resolution: {integrity: sha512-/n9mNxZj/HDSrincJ6RP+L+yXbpnB8FybySBa+IjIaoH9FIxBbrbRT5XUbe8R7zuVM2AQqNMNDDqz0bzx3znOQ==}
    hasBin: true
    dev: true

  /kolorist/1.5.1:
    resolution: {integrity: sha512-lxpCM3HTvquGxKGzHeknB/sUjuVoUElLlfYnXZT73K8geR9jQbroGlSCFBax9/0mpGoD3kzcMLnOlGQPJJNyqQ==}
    dev: true

  /local-pkg/0.4.1:
    resolution: {integrity: sha512-lL87ytIGP2FU5PWwNDo0w3WhIo2gopIAxPg9RxDYF7m4rr5ahuZxP22xnJHIvaLTe4Z9P6uKKY2UHiwyB4pcrw==}
    engines: {node: '>=14'}
    dev: true

  /locate-path/6.0.0:
    resolution: {integrity: sha512-iPZK6eYjbxRu3uB4/WZ3EsEIMJFMqAoopl3R+zuq0UjcAm/MO6KCweDgPfP3elTztoKP3KtnVHxTn2NHBSDVUw==}
    engines: {node: '>=10'}
    dependencies:
      p-locate: 5.0.0
    dev: true

  /loupe/2.3.4:
    resolution: {integrity: sha512-OvKfgCC2Ndby6aSTREl5aCCPTNIzlDfQZvZxNUrBrihDhL3xcrYegTblhmEiCrg2kKQz4XsFIaemE5BF4ybSaQ==}
    dependencies:
      get-func-name: 2.0.0
    dev: true

  /magic-string/0.25.9:
    resolution: {integrity: sha512-RmF0AsMzgt25qzqqLc1+MbHmhdx0ojF2Fvs4XnOqz2ZOBXzzkEwc/dJQZCYHAn7v1jbVOjAZfK8msRn4BxO4VQ==}
    dependencies:
      sourcemap-codec: 1.4.8

  /magic-string/0.26.2:
    resolution: {integrity: sha512-NzzlXpclt5zAbmo6h6jNc8zl2gNRGHvmsZW4IvZhTC4W7k4OlLP+S5YLussa/r3ixNT66KOQfNORlXHSOy/X4A==}
    engines: {node: '>=12'}
    dependencies:
      sourcemap-codec: 1.4.8
    dev: true

  /mdn-data/2.0.27:
    resolution: {integrity: sha512-kwqO0I0jtWr25KcfLm9pia8vLZ8qoAKhWZuZMbneJq3jjBD3gl5nZs8l8Tu3ZBlBAHVQtDur9rdDGyvtfVraHQ==}
    dev: true

  /merge-stream/2.0.0:
    resolution: {integrity: sha512-abv/qOcuPfk3URPfDzmZU1LKmuw8kT+0nIHvKrKgFrwifol/doWcdA4ZqsWQ8ENrFKkd67Mfpo/LovbIUsbt3w==}
    dev: true

  /merge2/1.4.1:
    resolution: {integrity: sha512-8q7VEgMJW4J8tcfVPy8g09NcQwZdbwFEqhe/WZkoIzjn/3TGDwtOCYtXGxA3O8tPzpczCCDgv+P2P5y00ZJOOg==}
    engines: {node: '>= 8'}
    dev: true

  /micromatch/4.0.5:
    resolution: {integrity: sha512-DMy+ERcEW2q8Z2Po+WNXuw3c5YaUSFjAO5GsJqfEl7UjvtIuFKO6ZrKvcItdy98dwFI2N1tg3zNIdKaQT+aNdA==}
    engines: {node: '>=8.6'}
    dependencies:
      braces: 3.0.2
      picomatch: 2.3.1
    dev: true

  /mimic-fn/2.1.0:
    resolution: {integrity: sha512-OqbOk5oEQeAZ8WXWydlu9HJjz9WVdEIvamMCcXmuqUYjTknH/sqsWvhQ3vgwKFRR1HpjvNBKQ37nbJgYzGqGcg==}
    engines: {node: '>=6'}
    dev: true

  /mrmime/1.0.0:
    resolution: {integrity: sha512-a70zx7zFfVO7XpnQ2IX1Myh9yY4UYvfld/dikWRnsXxbyvMcfz+u6UfgNAtH+k2QqtJuzVpv6eLTx1G2+WKZbQ==}
    engines: {node: '>=10'}
    dev: true

  /ms/2.1.2:
    resolution: {integrity: sha512-sGkPx+VjMtmA6MX27oA4FBFELFCZZ4S4XqeGOXCv68tT+jb3vk/RyaKWP0PTKyWtmLSM0b+adUTEvbs1PEaH2w==}
    dev: true

  /nanoid/3.3.4:
    resolution: {integrity: sha512-MqBkQh/OHTS2egovRtLk45wEyNXwF+cokD+1YPf9u5VfJiRdAiRwB2froX5Co9Rh20xs4siNPm8naNotSD6RBw==}
    engines: {node: ^10 || ^12 || ^13.7 || ^14 || >=15.0.1}
    hasBin: true

  /node-fetch-native/0.1.3:
    resolution: {integrity: sha512-Jf1IQZdovUIv9E+5avmN6Sf+bND+rnMlODnBQhdE2VRyuWP9WgqZb/KEgPekh19DAN1X2C4vbS1VCOaz2OH19g==}
    dev: true

  /normalize-path/3.0.0:
    resolution: {integrity: sha512-6eZs5Ls3WtCisHWp9S2GUy8dqkpGi4BVSz3GaqiE6ezub0512ESztXUwUB6C6IKbQkY2Pnb/mD4WYojCRwcwLA==}
    engines: {node: '>=0.10.0'}
    dev: true

  /npm-run-path/4.0.1:
    resolution: {integrity: sha512-S48WzZW777zhNIrn7gxOlISNAqi9ZC/uQFnRdbeIHhZhCA6UqpkOT8T1G7BvfdgP4Er8gF4sUbaS0i7QvIfCWw==}
    engines: {node: '>=8'}
    dependencies:
      path-key: 3.1.1
    dev: true

  /ohmyfetch/0.4.18:
    resolution: {integrity: sha512-MslzNrQzBLtZHmiZBI8QMOcMpdNFlK61OJ34nFNFynZ4v+4BonfCQ7VIN4EGXvGGq5zhDzgdJoY3o9S1l2T7KQ==}
    dependencies:
      destr: 1.1.1
      node-fetch-native: 0.1.3
      ufo: 0.8.4
      undici: 5.2.0
    dev: true

  /onetime/5.1.2:
    resolution: {integrity: sha512-kbpaSSGJTWdAY5KPVeMOKXSrPtr8C8C7wodJbcsd51jRnmD+GZu8Y0VoU6Dm5Z4vWr0Ig/1NKuWRKf7j5aaYSg==}
    engines: {node: '>=6'}
    dependencies:
      mimic-fn: 2.1.0
    dev: true

  /p-limit/3.1.0:
    resolution: {integrity: sha512-TYOanM3wGwNGsZN2cVTYPArw454xnXj5qmWF1bEoAc4+cU/ol7GVh7odevjp1FNHduHc3KZMcFduxU5Xc6uJRQ==}
    engines: {node: '>=10'}
    dependencies:
      yocto-queue: 0.1.0
    dev: true

  /p-locate/5.0.0:
    resolution: {integrity: sha512-LaNjtRWUBY++zB5nE/NwcaoMylSPk+S+ZHNB1TzdbMJMny6dynpAGt7X/tl/QYq3TIeE6nxHppbo2LGymrG5Pw==}
    engines: {node: '>=10'}
    dependencies:
      p-limit: 3.1.0
    dev: true

  /path-exists/4.0.0:
    resolution: {integrity: sha512-ak9Qy5Q7jYb2Wwcey5Fpvg2KoAc/ZIhLSLOSBmRmygPsGwkVVt0fZa0qrtMz+m6tJTAHfZQ8FnmB4MG4LWy7/w==}
    engines: {node: '>=8'}
    dev: true

  /path-key/3.1.1:
    resolution: {integrity: sha512-ojmeN0qd+y0jszEtoY48r0Peq5dwMEkIlCOu6Q5f41lfkswXuKtYrhgoTpLnyIcHm24Uhqx+5Tqm2InSwLhE6Q==}
    engines: {node: '>=8'}
    dev: true

  /path-parse/1.0.7:
    resolution: {integrity: sha512-LDJzPVEEEPR+y48z93A0Ed0yXb8pAByGWo/k5YYdYgpY2/2EsOsksJrq7lOHxryrVOn1ejG6oAp8ahvOIQD8sw==}
    dev: true

  /pathe/0.3.0:
    resolution: {integrity: sha512-3vUjp552BJzCw9vqKsO5sttHkbYqqsZtH0x1PNtItgqx8BXEXzoY1SYRKcL6BTyVh4lGJGLj0tM42elUDMvcYA==}
    dev: true

  /pathval/1.1.1:
    resolution: {integrity: sha512-Dp6zGqpTdETdR63lehJYPeIOqpiNBNtc7BpWSLrOje7UaIsE5aY92r/AunQA7rsXvet3lrJ3JnZX29UPTKXyKQ==}
    dev: true

  /perfect-debounce/0.1.3:
    resolution: {integrity: sha512-NOT9AcKiDGpnV/HBhI22Str++XWcErO/bALvHCuhv33owZW/CjH8KAFLZDCmu3727sihe0wTxpDhyGc6M8qacQ==}
    dev: true

  /picocolors/1.0.0:
    resolution: {integrity: sha512-1fygroTLlHu66zi26VoTDv8yRgm0Fccecssto+MhsZ0D/DGW2sm8E8AjW7NU5VVTRt5GxbeZ5qBuJr+HyLYkjQ==}

  /picomatch/2.3.1:
    resolution: {integrity: sha512-JU3teHTNjmE2VCGFzuY8EXzCDVwEqB2a8fsIvwaStHhAWJEeVd1o1QD80CU6+ZdEXXSLbSsuLwJjkCBWqRQUVA==}
    engines: {node: '>=8.6'}
    dev: true

  /postcss/8.4.13:
    resolution: {integrity: sha512-jtL6eTBrza5MPzy8oJLFuUscHDXTV5KcLlqAWHl5q5WYRfnNRGSmOZmOZ1T6Gy7A99mOZfqungmZMpMmCVJ8ZA==}
    engines: {node: ^10 || ^12 || >=14}
    dependencies:
      nanoid: 3.3.4
      picocolors: 1.0.0
      source-map-js: 1.0.2

  /prettier/2.7.1:
    resolution: {integrity: sha512-ujppO+MkdPqoVINuDFDRLClm7D78qbDt0/NR+wp5FqEZOoTNAjPHWj17QRhu7geIHJfcNhRk1XVQmF8Bp3ye+g==}
    engines: {node: '>=10.13.0'}
    hasBin: true
    dev: true

  /queue-microtask/1.2.3:
    resolution: {integrity: sha512-NuaNSa6flKT5JaSYQzJok04JzTL1CA6aGhv5rfLW3PgqA+M2ChpZQnAC8h8i4ZFkBS8X5RqkDBHA7r4hej3K9A==}
    dev: true

  /readdirp/3.6.0:
    resolution: {integrity: sha512-hOS089on8RduqdbhvQ5Z37A0ESjsqz6qnRcffsMU3495FuTdqSm+7bhJ29JvIOsBDEEnan5DPu9t3To9VRlMzA==}
    engines: {node: '>=8.10.0'}
    dependencies:
      picomatch: 2.3.1
    dev: true

  /resolve/1.22.0:
    resolution: {integrity: sha512-Hhtrw0nLeSrFQ7phPp4OOcVjLPIeMnRlr5mcnVuMe7M/7eBn98A3hmFRLoFo3DLZkivSYwhRUJTyPyWAk56WLw==}
    hasBin: true
    dependencies:
      is-core-module: 2.8.1
      path-parse: 1.0.7
      supports-preserve-symlinks-flag: 1.0.0
    dev: true

  /reusify/1.0.4:
    resolution: {integrity: sha512-U9nH88a3fc/ekCF1l0/UP1IosiuIjyTh7hBvXVMHYgVcfGvt897Xguj2UOLDeI5BG2m7/uwyaLVT6fbtCwTyzw==}
    engines: {iojs: '>=1.0.0', node: '>=0.10.0'}
    dev: true

  /rollup/2.70.1:
    resolution: {integrity: sha512-CRYsI5EuzLbXdxC6RnYhOuRdtz4bhejPMSWjsFLfVM/7w/85n2szZv6yExqUXsBdz5KT8eoubeyDUDjhLHEslA==}
    engines: {node: '>=10.0.0'}
    hasBin: true
    optionalDependencies:
      fsevents: 2.3.2
    dev: true

  /run-parallel/1.2.0:
    resolution: {integrity: sha512-5l4VyZR86LZ/lDxZTR6jqL8AFE2S0IFLMP26AbjsLVADxHdhB/c0GUsH+y39UfCi3dzz8OlQuPmnaJOMoDHQBA==}
    dependencies:
      queue-microtask: 1.2.3
    dev: true

  /shebang-command/2.0.0:
    resolution: {integrity: sha512-kHxr2zZpYtdmrN1qDjrrX/Z1rR1kG8Dx+gkpK1G4eXmvXswmcE1hTWBWYUzlraYw1/yZp6YuDY77YtvbN0dmDA==}
    engines: {node: '>=8'}
    dependencies:
      shebang-regex: 3.0.0
    dev: true

  /shebang-regex/3.0.0:
    resolution: {integrity: sha512-7++dFhtcx3353uBaq8DDR4NuxBetBzC7ZQOhmTQInHEd6bSrXdiEyzCvG07Z44UYdLShWUyXt5M/yhz8ekcb1A==}
    engines: {node: '>=8'}
    dev: true

  /signal-exit/3.0.7:
    resolution: {integrity: sha512-wnD2ZE+l+SPC/uoS0vXeE9L1+0wuaMqKlfz9AMUo38JsyLSBWSFcHR1Rri62LZc12vLr1gb3jl7iwQhgwpAbGQ==}
    dev: true

  /sirv/2.0.2:
    resolution: {integrity: sha512-4Qog6aE29nIjAOKe/wowFTxOdmbEZKb+3tsLljaBRzJwtqto0BChD2zzH0LhgCSXiI+V7X+Y45v14wBZQ1TK3w==}
    engines: {node: '>= 10'}
    dependencies:
      '@polka/url': 1.0.0-next.21
      mrmime: 1.0.0
      totalist: 3.0.0
    dev: true

  /source-map-js/1.0.2:
    resolution: {integrity: sha512-R0XvVJ9WusLiqTCEiGCmICCMplcCkIwwR11mOSD9CR5u+IXYdiseeEuXCVAjS54zqwkLcPNnmU4OeJ6tUrWhDw==}
    engines: {node: '>=0.10.0'}

  /source-map/0.6.1:
    resolution: {integrity: sha512-UjgapumWlbMhkBgzT7Ykc5YXUT46F0iKu8SGXq0bcwP5dz/h0Plj6enJqjz1Zbq2l5WaqYnrVbwWOWMyF3F47g==}
    engines: {node: '>=0.10.0'}

  /sourcemap-codec/1.4.8:
    resolution: {integrity: sha512-9NykojV5Uih4lgo5So5dtw+f0JgJX30KCNI8gwhz2J9A15wD0Ml6tjHKwf6fTSa6fAdVBdZeNOs9eJ71qCk8vA==}

  /strip-final-newline/2.0.0:
    resolution: {integrity: sha512-BrpvfNAE3dcvq7ll3xVumzjKjZQ5tI1sEUIKr3Uoks0XUl45St3FlatVqef9prk4jRDzhW6WZg+3bk93y6pLjA==}
    engines: {node: '>=6'}
    dev: true

  /supports-preserve-symlinks-flag/1.0.0:
    resolution: {integrity: sha512-ot0WnXS9fgdkgIcePe6RHNk1WA8+muPa6cSjeR3V8K27q9BB1rTE3R1p7Hv0z1ZyAc8s6Vvv8DIyWf681MAt0w==}
    engines: {node: '>= 0.4'}
    dev: true

  /tinypool/0.1.3:
    resolution: {integrity: sha512-2IfcQh7CP46XGWGGbdyO4pjcKqsmVqFAPcXfPxcPXmOWt9cYkTP9HcDmGgsfijYoAEc4z9qcpM/BaBz46Y9/CQ==}
    engines: {node: '>=14.0.0'}
    dev: true

  /tinyspy/0.3.3:
    resolution: {integrity: sha512-gRiUR8fuhUf0W9lzojPf1N1euJYA30ISebSfgca8z76FOvXtVXqd5ojEIaKLWbDQhAaC3ibxZIjqbyi4ybjcTw==}
    engines: {node: '>=14.0.0'}
    dev: true

  /to-fast-properties/2.0.0:
    resolution: {integrity: sha512-/OaKK0xYrs3DmxRYqL/yDc+FxFUVYhDlXMhRmv3z915w2HF1tnN1omB354j8VUGO/hbRzyD6Y3sA7v7GS/ceog==}
    engines: {node: '>=4'}

  /to-regex-range/5.0.1:
    resolution: {integrity: sha512-65P7iz6X5yEr1cwcgvQxbbIw7Uk3gOy5dIdtZ4rDveLqhrdJP+Li/Hx6tyK0NEb+2GCyneCMJiGqrADCSNk8sQ==}
    engines: {node: '>=8.0'}
    dependencies:
      is-number: 7.0.0
    dev: true

  /totalist/3.0.0:
    resolution: {integrity: sha512-eM+pCBxXO/njtF7vdFsHuqb+ElbxqtI4r5EAvk6grfAFyJ6IvWlSkfZ5T9ozC6xWw3Fj1fGoSmrl0gUs46JVIw==}
    engines: {node: '>=6'}
    dev: true

  /type-detect/4.0.8:
    resolution: {integrity: sha512-0fr/mIH1dlO+x7TlcMy+bIDqKPsw/70tVyeHW787goQjhmqaZe10uwLujubK9q9Lg6Fiho1KUKDYz0Z7k7g5/g==}
    engines: {node: '>=4'}
    dev: true

  /typescript/4.7.4:
    resolution: {integrity: sha512-C0WQT0gezHuw6AdY1M2jxUO83Rjf0HP7Sk1DtXj6j1EwkQNZrHAg2XPWlq62oqEhYvONq5pkC2Y9oPljWToLmQ==}
    engines: {node: '>=4.2.0'}
    hasBin: true
    dev: true

  /ufo/0.8.4:
    resolution: {integrity: sha512-/+BmBDe8GvlB2nIflWasLLAInjYG0bC9HRnfEpNi4sw77J2AJNnEVnTDReVrehoh825+Q/evF3THXTAweyam2g==}
    dev: true

  /unconfig/0.3.4:
    resolution: {integrity: sha512-cf39F1brwQuLSuMLTYXOdWJH0O1CJee6a4QW1nYtO7SoBUfVvQCvEel6ssTNXtPfi17kop1ADmVtmC49NlFkIQ==}
    dependencies:
      '@antfu/utils': 0.5.2
      defu: 6.0.0
      jiti: 1.13.0
    dev: true

  /undici/5.2.0:
    resolution: {integrity: sha512-XY6+NS3WH9b3TKOHeNz2CjR+qrVz/k4fO9g3etPpLozRvULoQmZ1+dk9JbIz40ehn27xzFk4jYVU2MU3Nle62A==}
    engines: {node: '>=12.18'}
    dev: true

  /unocss/0.39.3_vite@2.9.12:
    resolution: {integrity: sha512-+BZazovI1A+jlW0+GuSSABHQjBLpu2sQkLXriBTdZiPYZAqJJdiWHuQ6VPzF4Al5WM4VPpOgX5mUYWusJ813qw==}
    engines: {node: '>=14'}
    peerDependencies:
      '@unocss/webpack': 0.39.3
    peerDependenciesMeta:
      '@unocss/webpack':
        optional: true
    dependencies:
      '@unocss/cli': 0.39.3
      '@unocss/core': 0.39.3
      '@unocss/preset-attributify': 0.39.3
      '@unocss/preset-icons': 0.39.3
      '@unocss/preset-mini': 0.39.3
      '@unocss/preset-tagify': 0.39.3
      '@unocss/preset-typography': 0.39.3
      '@unocss/preset-uno': 0.39.3
      '@unocss/preset-web-fonts': 0.39.3
      '@unocss/preset-wind': 0.39.3
      '@unocss/reset': 0.39.3
      '@unocss/transformer-compile-class': 0.39.3
      '@unocss/transformer-directives': 0.39.3
      '@unocss/transformer-variant-group': 0.39.3
      '@unocss/vite': 0.39.3_vite@2.9.12
    transitivePeerDependencies:
      - supports-color
      - vite
    dev: true

  /unplugin-icons/0.14.5_vite@2.9.12:
    resolution: {integrity: sha512-fxi/fuBZXtZu64L8iAPj+ecu/rnSvTbfR14RO44xIWdsI/Ohpzs9Gve7+nHIgD6JFrdtCfzGnXWBEVPbMGWX3A==}
    peerDependencies:
      '@svgr/core': '>=5.5.0'
      '@vue/compiler-sfc': ^3.0.2
      vue-template-compiler: ^2.6.12
      vue-template-es2015-compiler: ^1.9.0
    peerDependenciesMeta:
      '@svgr/core':
        optional: true
      '@vue/compiler-sfc':
        optional: true
      vue-template-compiler:
        optional: true
      vue-template-es2015-compiler:
        optional: true
    dependencies:
      '@antfu/install-pkg': 0.1.0
      '@antfu/utils': 0.5.2
      '@iconify/utils': 1.0.33
      debug: 4.3.4
      kolorist: 1.5.1
      local-pkg: 0.4.1
      unplugin: 0.7.0_vite@2.9.12
    transitivePeerDependencies:
      - esbuild
      - rollup
      - supports-color
      - vite
      - webpack
    dev: true

  /unplugin/0.7.0_vite@2.9.12:
    resolution: {integrity: sha512-OsiFrgybmqm5bGuaodvbLYhqUrvGuRHRMZDhddKEXTDbuQ1x+hR7M1WpQguXj03whVYjEYChhFo738cZH5RNig==}
    peerDependencies:
      esbuild: '>=0.13'
      rollup: ^2.50.0
      vite: ^2.3.0
      webpack: 4 || 5
    peerDependenciesMeta:
      esbuild:
        optional: true
      rollup:
        optional: true
      vite:
        optional: true
      webpack:
        optional: true
    dependencies:
      acorn: 8.7.1
      chokidar: 3.5.3
      vite: 2.9.12
      webpack-sources: 3.2.3
      webpack-virtual-modules: 0.4.3
    dev: true

  /vite/2.9.12:
    resolution: {integrity: sha512-suxC36dQo9Rq1qMB2qiRorNJtJAdxguu5TMvBHOc/F370KvqAe9t48vYp+/TbPKRNrMh/J55tOUmkuIqstZaew==}
    engines: {node: '>=12.2.0'}
    hasBin: true
    peerDependencies:
      less: '*'
      sass: '*'
      stylus: '*'
    peerDependenciesMeta:
      less:
        optional: true
      sass:
        optional: true
      stylus:
        optional: true
    dependencies:
      esbuild: 0.14.29
      postcss: 8.4.13
      resolve: 1.22.0
      rollup: 2.70.1
    optionalDependencies:
      fsevents: 2.3.2
    dev: true

  /vitest/0.15.2:
    resolution: {integrity: sha512-cMabuUqu+nNHafkdN7H8Z20+UZTrrUfqjGwAoLwUwrqFGWBz3gXwxndjbLf6mgSFs9lF/JWjKeNM1CXKwtk26w==}
    engines: {node: '>=v14.16.0'}
    hasBin: true
    peerDependencies:
      '@vitest/ui': '*'
      c8: '*'
      happy-dom: '*'
      jsdom: '*'
    peerDependenciesMeta:
      '@vitest/ui':
        optional: true
      c8:
        optional: true
      happy-dom:
        optional: true
      jsdom:
        optional: true
    dependencies:
      '@types/chai': 4.3.1
      '@types/chai-subset': 1.3.3
      '@types/node': 18.0.0
      chai: 4.3.6
      debug: 4.3.4
      local-pkg: 0.4.1
      tinypool: 0.1.3
      tinyspy: 0.3.3
      vite: 2.9.12
    transitivePeerDependencies:
      - less
      - sass
      - stylus
      - supports-color
    dev: true

  /vue-tsc/0.38.1_typescript@4.7.4:
    resolution: {integrity: sha512-jwR4uwTkjsYhAW8o/BvnkeZsariNoi2Y53XSqWIbjtj7X9Laob+qwC2iVuQyRymYdqbbiqqX+CxfPWtwLACXfg==}
    hasBin: true
    peerDependencies:
      typescript: '*'
    dependencies:
      '@volar/vue-typescript': 0.38.1
      typescript: 4.7.4
    dev: true

  /vue/3.2.37:
    resolution: {integrity: sha512-bOKEZxrm8Eh+fveCqS1/NkG/n6aMidsI6hahas7pa0w/l7jkbssJVsRhVDs07IdDq7h9KHswZOgItnwJAgtVtQ==}
    dependencies:
      '@vue/compiler-dom': 3.2.37
      '@vue/compiler-sfc': 3.2.37
      '@vue/runtime-dom': 3.2.37
      '@vue/server-renderer': 3.2.37_vue@3.2.37
      '@vue/shared': 3.2.37

  /webpack-sources/3.2.3:
    resolution: {integrity: sha512-/DyMEOrDgLKKIG0fmvtz+4dUX/3Ghozwgm6iPp8KRhvn+eQf9+Q7GWxVNMk3+uCPWfdXYC4ExGBckIXdFEfH1w==}
    engines: {node: '>=10.13.0'}
    dev: true

  /webpack-virtual-modules/0.4.3:
    resolution: {integrity: sha512-5NUqC2JquIL2pBAAo/VfBP6KuGkHIZQXW/lNKupLPfhViwh8wNsu0BObtl09yuKZszeEUfbXz8xhrHvSG16Nqw==}
    dev: true

  /which/2.0.2:
    resolution: {integrity: sha512-BLI3Tl1TW3Pvl70l3yq3Y64i+awpwXqsGBYWkkqMtnbXgrMD+yj7rhW0kuEDxzJaYXGjEW5ogapKNMEKNMjibA==}
    engines: {node: '>= 8'}
    hasBin: true
    dependencies:
      isexe: 2.0.0
    dev: true

  /yocto-queue/0.1.0:
    resolution: {integrity: sha512-rVksvsnNCdJ/ohGc6xgPwyN8eheCxsiLM8mxuE/t/mOVqJewPuO1miLpTHQiRgTKCLexL4MeAFVagts7HmNZ2Q==}
    engines: {node: '>=10'}
    dev: true
